
Microsoft Visual Studio Solution File, Format Version 12.00
Project("{FAE04EC0-301F-11D3-BF4B-00C04F79EFBC}") = "SoapOnAScope", "src\SoapOnAScope\SoapOnAScope.csproj", "{4D1D749E-1319-4A6C-89E5-A86C5C922F04}"
EndProject
Project("{2150E333-8FDC-42A3-9474-1A3956D46DE8}") = "src", "src", "{6D943469-25A2-4FBE-919F-298B19324C11}"
EndProject
Project("{2150E333-8FDC-42A3-9474-1A3956D46DE8}") = "test", "test", "{CD2F1D86-E066-4FAD-B3BA-02E2FD5AC796}"
EndProject
Project("{FAE04EC0-301F-11D3-BF4B-00C04F79EFBC}") = "SoapOnAScope.Web", "src\SoapOnAScope.Web\SoapOnAScope.Web.csproj", "{E17F0EB4-3206-4A5C-B6A3-64CB4E5ADBDC}"
EndProject
Project("{FAE04EC0-301F-11D3-BF4B-00C04F79EFBC}") = "SoapOnAScope.UnitTests", "test\SoapOnAScope.UnitTests\SoapOnAScope.UnitTests.csproj", "{C8ACFCD6-E869-4600-8C86-DE89EF147FDD}"
EndProject
Project("{FAE04EC0-301F-11D3-BF4B-00C04F79EFBC}") = "SoapOnAScope.Web.FakeRestApi", "test\SoapOnAScope.Web.FakeRestApi\SoapOnAScope.Web.FakeRestApi.csproj", "{92AFDC38-845E-4390-8159-AF35D06E2760}"
EndProject
Project("{FAE04EC0-301F-11D3-BF4B-00C04F79EFBC}") = "SoapOnAScope.Web.UnitTests", "test\SoapOnAScope.Web.UnitTests\SoapOnAScope.Web.UnitTests.csproj", "{51462088-6C31-4556-AF58-6DD047B9AB08}"
EndProject
Project("{FAE04EC0-301F-11D3-BF4B-00C04F79EFBC}") = "SoapOnAScope.ArchitectureTests", "test\SoapOnAScope.ArchitectureTests\SoapOnAScope.ArchitectureTests.csproj", "{67CA9D9E-79C5-459E-887B-43FA34D967A9}"
EndProject
Global
	GlobalSection(SolutionConfigurationPlatforms) = preSolution
		Debug|Any CPU = Debug|Any CPU
		Release|Any CPU = Release|Any CPU
	EndGlobalSection
	GlobalSection(ProjectConfigurationPlatforms) = postSolution
		{4D1D749E-1319-4A6C-89E5-A86C5C922F04}.Debug|Any CPU.ActiveCfg = Debug|Any CPU
		{4D1D749E-1319-4A6C-89E5-A86C5C922F04}.Debug|Any CPU.Build.0 = Debug|Any CPU
		{4D1D749E-1319-4A6C-89E5-A86C5C922F04}.Release|Any CPU.ActiveCfg = Release|Any CPU
		{4D1D749E-1319-4A6C-89E5-A86C5C922F04}.Release|Any CPU.Build.0 = Release|Any CPU
		{E17F0EB4-3206-4A5C-B6A3-64CB4E5ADBDC}.Debug|Any CPU.ActiveCfg = Debug|Any CPU
		{E17F0EB4-3206-4A5C-B6A3-64CB4E5ADBDC}.Debug|Any CPU.Build.0 = Debug|Any CPU
		{E17F0EB4-3206-4A5C-B6A3-64CB4E5ADBDC}.Release|Any CPU.ActiveCfg = Release|Any CPU
		{E17F0EB4-3206-4A5C-B6A3-64CB4E5ADBDC}.Release|Any CPU.Build.0 = Release|Any CPU
		{C8ACFCD6-E869-4600-8C86-DE89EF147FDD}.Debug|Any CPU.ActiveCfg = Debug|Any CPU
		{C8ACFCD6-E869-4600-8C86-DE89EF147FDD}.Debug|Any CPU.Build.0 = Debug|Any CPU
		{C8ACFCD6-E869-4600-8C86-DE89EF147FDD}.Release|Any CPU.ActiveCfg = Release|Any CPU
		{C8ACFCD6-E869-4600-8C86-DE89EF147FDD}.Release|Any CPU.Build.0 = Release|Any CPU
		{92AFDC38-845E-4390-8159-AF35D06E2760}.Debug|Any CPU.ActiveCfg = Debug|Any CPU
		{92AFDC38-845E-4390-8159-AF35D06E2760}.Debug|Any CPU.Build.0 = Debug|Any CPU
		{92AFDC38-845E-4390-8159-AF35D06E2760}.Release|Any CPU.ActiveCfg = Release|Any CPU
		{92AFDC38-845E-4390-8159-AF35D06E2760}.Release|Any CPU.Build.0 = Release|Any CPU
		{51462088-6C31-4556-AF58-6DD047B9AB08}.Debug|Any CPU.ActiveCfg = Debug|Any CPU
		{51462088-6C31-4556-AF58-6DD047B9AB08}.Debug|Any CPU.Build.0 = Debug|Any CPU
		{51462088-6C31-4556-AF58-6DD047B9AB08}.Release|Any CPU.ActiveCfg = Release|Any CPU
		{51462088-6C31-4556-AF58-6DD047B9AB08}.Release|Any CPU.Build.0 = Release|Any CPU
		{67CA9D9E-79C5-459E-887B-43FA34D967A9}.Debug|Any CPU.ActiveCfg = Debug|Any CPU
		{67CA9D9E-79C5-459E-887B-43FA34D967A9}.Debug|Any CPU.Build.0 = Debug|Any CPU
		{67CA9D9E-79C5-459E-887B-43FA34D967A9}.Release|Any CPU.ActiveCfg = Release|Any CPU
		{67CA9D9E-79C5-459E-887B-43FA34D967A9}.Release|Any CPU.Build.0 = Release|Any CPU
	EndGlobalSection
	GlobalSection(NestedProjects) = preSolution
		{4D1D749E-1319-4A6C-89E5-A86C5C922F04} = {6D943469-25A2-4FBE-919F-298B19324C11}
		{E17F0EB4-3206-4A5C-B6A3-64CB4E5ADBDC} = {6D943469-25A2-4FBE-919F-298B19324C11}
		{C8ACFCD6-E869-4600-8C86-DE89EF147FDD} = {CD2F1D86-E066-4FAD-B3BA-02E2FD5AC796}
		{92AFDC38-845E-4390-8159-AF35D06E2760} = {CD2F1D86-E066-4FAD-B3BA-02E2FD5AC796}
		{51462088-6C31-4556-AF58-6DD047B9AB08} = {CD2F1D86-E066-4FAD-B3BA-02E2FD5AC796}
		{67CA9D9E-79C5-459E-887B-43FA34D967A9} = {CD2F1D86-E066-4FAD-B3BA-02E2FD5AC796}
	EndGlobalSection
EndGlobal
